
Microsoft Visual Studio Solution File, Format Version 12.00
# Visual Studio 14
VisualStudioVersion = 14.0.24720.0
MinimumVisualStudioVersion = 10.0.40219.1
Project("{FAE04EC0-301F-11D3-BF4B-00C04F79EFBC}") = "Obacher.RandomOrgSharp.Core", "RandomOrgSharp\Obacher.RandomOrgSharp.Core.csproj", "{D12E7982-A721-4D2A-AC0C-AD2DB942329D}"
EndProject
Project("{FAE04EC0-301F-11D3-BF4B-00C04F79EFBC}") = "Obacher.RandomOrgSharp.Core.UnitTest", "RandomOrgSharpUnitTest\Obacher.RandomOrgSharp.Core.UnitTest.csproj", "{AB9A399D-01F2-4B69-87EA-1735D9EA882A}"
EndProject
Project("{FAE04EC0-301F-11D3-BF4B-00C04F79EFBC}") = "RandomOrgSharp.FunctionalTest", "RandomOrgSharpFunctionalTest\RandomOrgSharp.FunctionalTest.csproj", "{F5528057-9FB2-43DF-B164-9EE458DA0E01}"
EndProject
Project("{FAE04EC0-301F-11D3-BF4B-00C04F79EFBC}") = "Obacher.Framework.Common", "Obacher.Framework.Common\Obacher.Framework.Common.csproj", "{0AAD80A2-3CF4-4F2A-9573-320E3F28AF46}"
EndProject
Project("{FAE04EC0-301F-11D3-BF4B-00C04F79EFBC}") = "Obacher.Framework.Common.UnitTest", "Obacher.Framework.Common.UnitTest\Obacher.Framework.Common.UnitTest.csproj", "{8F2641C8-DEA7-4BB8-AE8C-CA14B8AC8DFF}"
EndProject
Project("{2150E333-8FDC-42A3-9474-1A3956D46DE8}") = "Solution Items", "Solution Items", "{4BD40A24-72A3-4E05-A265-83CD883D923F}"
	ProjectSection(SolutionItems) = preProject
		CodeCoverage.runsettings = CodeCoverage.runsettings
		license.txt = license.txt
	EndProjectSection
EndProject
Project("{FAE04EC0-301F-11D3-BF4B-00C04F79EFBC}") = "Obacher.UnitTest.Tools", "Obacher.UnitTest.Tools\Obacher.UnitTest.Tools.csproj", "{885BD1A0-D92F-4007-A8CC-6F320574BCEE}"
EndProject
Project("{FAE04EC0-301F-11D3-BF4B-00C04F79EFBC}") = "Obacher.RandomOrgSharp.Emulator", "Obacher.RandomOrgSharp.Emulator\Obacher.RandomOrgSharp.Emulator.csproj", "{9FC29E0D-C0E9-4CD1-A465-255CF0BA8A10}"
EndProject
Project("{FAE04EC0-301F-11D3-BF4B-00C04F79EFBC}") = "Obacher.RandomOrgSharp.Emulator.UnitTest", "Obacher.RandomOrgSharp.Emulator.UnitTest\Obacher.RandomOrgSharp.Emulator.UnitTest.csproj", "{233214FB-9443-4BD3-9CE3-D05B67891AE9}"
EndProject
Project("{FAE04EC0-301F-11D3-BF4B-00C04F79EFBC}") = "Obacher.RandomOrgSharp.JsonRPC", "Obacher.RandomOrgSharp.JsonRPC\Obacher.RandomOrgSharp.JsonRPC.csproj", "{8B17ED8B-EE27-44DB-96EF-48B3D750819D}"
EndProject
Project("{FAE04EC0-301F-11D3-BF4B-00C04F79EFBC}") = "Obacher.RandomOrgSharp.JsonRPC.UnitTest", "Obacher.RandomOrgSharp.JsonRPC.UnitTest\Obacher.RandomOrgSharp.JsonRPC.UnitTest.csproj", "{F33BD667-53B3-4278-BCDC-8328F9FB720B}"
EndProject
Project("{FAE04EC0-301F-11D3-BF4B-00C04F79EFBC}") = "Obacher.RandomOrgSharp.Enumerator", "Obacher.RandomOrgSharp.Enumerator\Obacher.RandomOrgSharp.Enumerator.csproj", "{A6B12148-59A9-4A88-AA3F-A75E7A1C3FC6}"
EndProject
Global
	GlobalSection(SolutionConfigurationPlatforms) = preSolution
		Debug|Any CPU = Debug|Any CPU
		Release|Any CPU = Release|Any CPU
	EndGlobalSection
	GlobalSection(ProjectConfigurationPlatforms) = postSolution
		{D12E7982-A721-4D2A-AC0C-AD2DB942329D}.Debug|Any CPU.ActiveCfg = Debug|Any CPU
		{D12E7982-A721-4D2A-AC0C-AD2DB942329D}.Debug|Any CPU.Build.0 = Debug|Any CPU
		{D12E7982-A721-4D2A-AC0C-AD2DB942329D}.Release|Any CPU.ActiveCfg = Release|Any CPU
		{D12E7982-A721-4D2A-AC0C-AD2DB942329D}.Release|Any CPU.Build.0 = Release|Any CPU
		{AB9A399D-01F2-4B69-87EA-1735D9EA882A}.Debug|Any CPU.ActiveCfg = Debug|Any CPU
		{AB9A399D-01F2-4B69-87EA-1735D9EA882A}.Debug|Any CPU.Build.0 = Debug|Any CPU
		{AB9A399D-01F2-4B69-87EA-1735D9EA882A}.Release|Any CPU.ActiveCfg = Release|Any CPU
		{AB9A399D-01F2-4B69-87EA-1735D9EA882A}.Release|Any CPU.Build.0 = Release|Any CPU
		{F5528057-9FB2-43DF-B164-9EE458DA0E01}.Debug|Any CPU.ActiveCfg = Debug|Any CPU
		{F5528057-9FB2-43DF-B164-9EE458DA0E01}.Debug|Any CPU.Build.0 = Debug|Any CPU
		{F5528057-9FB2-43DF-B164-9EE458DA0E01}.Release|Any CPU.ActiveCfg = Release|Any CPU
		{F5528057-9FB2-43DF-B164-9EE458DA0E01}.Release|Any CPU.Build.0 = Release|Any CPU
		{0AAD80A2-3CF4-4F2A-9573-320E3F28AF46}.Debug|Any CPU.ActiveCfg = Debug|Any CPU
		{0AAD80A2-3CF4-4F2A-9573-320E3F28AF46}.Debug|Any CPU.Build.0 = Debug|Any CPU
		{0AAD80A2-3CF4-4F2A-9573-320E3F28AF46}.Release|Any CPU.ActiveCfg = Release|Any CPU
		{0AAD80A2-3CF4-4F2A-9573-320E3F28AF46}.Release|Any CPU.Build.0 = Release|Any CPU
		{8F2641C8-DEA7-4BB8-AE8C-CA14B8AC8DFF}.Debug|Any CPU.ActiveCfg = Debug|Any CPU
		{8F2641C8-DEA7-4BB8-AE8C-CA14B8AC8DFF}.Debug|Any CPU.Build.0 = Debug|Any CPU
		{8F2641C8-DEA7-4BB8-AE8C-CA14B8AC8DFF}.Release|Any CPU.ActiveCfg = Release|Any CPU
		{8F2641C8-DEA7-4BB8-AE8C-CA14B8AC8DFF}.Release|Any CPU.Build.0 = Release|Any CPU
		{885BD1A0-D92F-4007-A8CC-6F320574BCEE}.Debug|Any CPU.ActiveCfg = Debug|Any CPU
		{885BD1A0-D92F-4007-A8CC-6F320574BCEE}.Debug|Any CPU.Build.0 = Debug|Any CPU
		{885BD1A0-D92F-4007-A8CC-6F320574BCEE}.Release|Any CPU.ActiveCfg = Release|Any CPU
		{885BD1A0-D92F-4007-A8CC-6F320574BCEE}.Release|Any CPU.Build.0 = Release|Any CPU
		{9FC29E0D-C0E9-4CD1-A465-255CF0BA8A10}.Debug|Any CPU.ActiveCfg = Debug|Any CPU
		{9FC29E0D-C0E9-4CD1-A465-255CF0BA8A10}.Debug|Any CPU.Build.0 = Debug|Any CPU
		{9FC29E0D-C0E9-4CD1-A465-255CF0BA8A10}.Release|Any CPU.ActiveCfg = Release|Any CPU
		{9FC29E0D-C0E9-4CD1-A465-255CF0BA8A10}.Release|Any CPU.Build.0 = Release|Any CPU
		{233214FB-9443-4BD3-9CE3-D05B67891AE9}.Debug|Any CPU.ActiveCfg = Debug|Any CPU
		{233214FB-9443-4BD3-9CE3-D05B67891AE9}.Debug|Any CPU.Build.0 = Debug|Any CPU
		{233214FB-9443-4BD3-9CE3-D05B67891AE9}.Release|Any CPU.ActiveCfg = Release|Any CPU
		{233214FB-9443-4BD3-9CE3-D05B67891AE9}.Release|Any CPU.Build.0 = Release|Any CPU
		{8B17ED8B-EE27-44DB-96EF-48B3D750819D}.Debug|Any CPU.ActiveCfg = Debug|Any CPU
		{8B17ED8B-EE27-44DB-96EF-48B3D750819D}.Debug|Any CPU.Build.0 = Debug|Any CPU
		{8B17ED8B-EE27-44DB-96EF-48B3D750819D}.Release|Any CPU.ActiveCfg = Release|Any CPU
		{8B17ED8B-EE27-44DB-96EF-48B3D750819D}.Release|Any CPU.Build.0 = Release|Any CPU
		{F33BD667-53B3-4278-BCDC-8328F9FB720B}.Debug|Any CPU.ActiveCfg = Debug|Any CPU
		{F33BD667-53B3-4278-BCDC-8328F9FB720B}.Debug|Any CPU.Build.0 = Debug|Any CPU
		{F33BD667-53B3-4278-BCDC-8328F9FB720B}.Release|Any CPU.ActiveCfg = Release|Any CPU
		{F33BD667-53B3-4278-BCDC-8328F9FB720B}.Release|Any CPU.Build.0 = Release|Any CPU
		{A6B12148-59A9-4A88-AA3F-A75E7A1C3FC6}.Debug|Any CPU.ActiveCfg = Debug|Any CPU
		{A6B12148-59A9-4A88-AA3F-A75E7A1C3FC6}.Debug|Any CPU.Build.0 = Debug|Any CPU
		{A6B12148-59A9-4A88-AA3F-A75E7A1C3FC6}.Release|Any CPU.ActiveCfg = Release|Any CPU
		{A6B12148-59A9-4A88-AA3F-A75E7A1C3FC6}.Release|Any CPU.Build.0 = Release|Any CPU
	EndGlobalSection
	GlobalSection(SolutionProperties) = preSolution
		HideSolutionNode = FALSE
	EndGlobalSection
EndGlobal
